
Microsoft Visual Studio Solution File, Format Version 12.00
# Visual Studio Version 17
VisualStudioVersion = 17.2.32516.85
MinimumVisualStudioVersion = 10.0.40219.1
Project("{FAE04EC0-301F-11D3-BF4B-00C04F79EFBC}") = "QLST_WinForm", "QLST_WinForm\QLST_WinForm.csproj", "{A69878A2-FA6D-48B3-98E9-8691F232E967}"
EndProject
Global
	GlobalSection(SolutionConfigurationPlatforms) = preSolution
		Debug|Any CPU = Debug|Any CPU
		Release|Any CPU = Release|Any CPU
	EndGlobalSection
	GlobalSection(ProjectConfigurationPlatforms) = postSolution
		{A69878A2-FA6D-48B3-98E9-8691F232E967}.Debug|Any CPU.ActiveCfg = Debug|Any CPU
		{A69878A2-FA6D-48B3-98E9-8691F232E967}.Debug|Any CPU.Build.0 = Debug|Any CPU
		{A69878A2-FA6D-48B3-98E9-8691F232E967}.Release|Any CPU.ActiveCfg = Release|Any CPU
		{A69878A2-FA6D-48B3-98E9-8691F232E967}.Release|Any CPU.Build.0 = Release|Any CPU
	EndGlobalSection
	GlobalSection(SolutionProperties) = preSolution
		HideSolutionNode = FALSE
	EndGlobalSection
	GlobalSection(ExtensibilityGlobals) = postSolution
		SolutionGuid = {2851CF0D-6259-4575-8EEE-556845711655}
	EndGlobalSection
EndGlobal
